// !$*UTF8*$!
{
	archiveVersion = 1;
	classes = {
	};
	objectVersion = 56;
	objects = {

/* Begin PBXBuildFile section */
		BD523E2629C8AC28006174CA /* AppDelegate.swift in Sources */ = {isa = PBXBuildFile; fileRef = BD523E2529C8AC28006174CA /* AppDelegate.swift */; };
		BD523E2829C8AC28006174CA /* SceneDelegate.swift in Sources */ = {isa = PBXBuildFile; fileRef = BD523E2729C8AC28006174CA /* SceneDelegate.swift */; };
		BD523E2A29C8AC28006174CA /* ConversationViewController.swift in Sources */ = {isa = PBXBuildFile; fileRef = BD523E2929C8AC28006174CA /* ConversationViewController.swift */; };
		BD523E2D29C8AC28006174CA /* Main.storyboard in Resources */ = {isa = PBXBuildFile; fileRef = BD523E2B29C8AC28006174CA /* Main.storyboard */; };
		BD523E2F29C8AC2A006174CA /* Assets.xcassets in Resources */ = {isa = PBXBuildFile; fileRef = BD523E2E29C8AC2A006174CA /* Assets.xcassets */; };
		BD523E3229C8AC2A006174CA /* LaunchScreen.storyboard in Resources */ = {isa = PBXBuildFile; fileRef = BD523E3029C8AC2A006174CA /* LaunchScreen.storyboard */; };
		BD5D374F29C8B4A700E49A09 /* LoginViewController.swift in Sources */ = {isa = PBXBuildFile; fileRef = BD5D374E29C8B4A700E49A09 /* LoginViewController.swift */; };
		BD5D375129C8B4B700E49A09 /* RegisterViewController.swift in Sources */ = {isa = PBXBuildFile; fileRef = BD5D375029C8B4B700E49A09 /* RegisterViewController.swift */; };
		BD5D375329C8B4FC00E49A09 /* PhotoViewerViewController.swift in Sources */ = {isa = PBXBuildFile; fileRef = BD5D375229C8B4FC00E49A09 /* PhotoViewerViewController.swift */; };
		BD5D375529C8B50900E49A09 /* VideoPlayerViewController.swift in Sources */ = {isa = PBXBuildFile; fileRef = BD5D375429C8B50900E49A09 /* VideoPlayerViewController.swift */; };
		BD5D375729C8B52C00E49A09 /* NewConversationViewController.swift in Sources */ = {isa = PBXBuildFile; fileRef = BD5D375629C8B52C00E49A09 /* NewConversationViewController.swift */; };
		BD5D375929C8B54500E49A09 /* ProfileViewController.swift in Sources */ = {isa = PBXBuildFile; fileRef = BD5D375829C8B54500E49A09 /* ProfileViewController.swift */; };
		FBCFC099748FC696A2FB652E /* Pods_Messenger_Prototypr.framework in Frameworks */ = {isa = PBXBuildFile; fileRef = A464A248FF3FBC2C55B70C23 /* Pods_Messenger_Prototypr.framework */; };
/* End PBXBuildFile section */

/* Begin PBXFileReference section */
		70E1789B3CE4EB94562E9A6B /* Pods-Messenger Prototypr.debug.xcconfig */ = {isa = PBXFileReference; includeInIndex = 1; lastKnownFileType = text.xcconfig; name = "Pods-Messenger Prototypr.debug.xcconfig"; path = "Target Support Files/Pods-Messenger Prototypr/Pods-Messenger Prototypr.debug.xcconfig"; sourceTree = "<group>"; };
		A464A248FF3FBC2C55B70C23 /* Pods_Messenger_Prototypr.framework */ = {isa = PBXFileReference; explicitFileType = wrapper.framework; includeInIndex = 0; path = Pods_Messenger_Prototypr.framework; sourceTree = BUILT_PRODUCTS_DIR; };
		BD523E2229C8AC28006174CA /* Messenger Prototypr.app */ = {isa = PBXFileReference; explicitFileType = wrapper.application; includeInIndex = 0; path = "Messenger Prototypr.app"; sourceTree = BUILT_PRODUCTS_DIR; };
		BD523E2529C8AC28006174CA /* AppDelegate.swift */ = {isa = PBXFileReference; lastKnownFileType = sourcecode.swift; path = AppDelegate.swift; sourceTree = "<group>"; };
		BD523E2729C8AC28006174CA /* SceneDelegate.swift */ = {isa = PBXFileReference; lastKnownFileType = sourcecode.swift; path = SceneDelegate.swift; sourceTree = "<group>"; };
		BD523E2929C8AC28006174CA /* ConversationViewController.swift */ = {isa = PBXFileReference; lastKnownFileType = sourcecode.swift; path = ConversationViewController.swift; sourceTree = "<group>"; };
		BD523E2C29C8AC28006174CA /* Base */ = {isa = PBXFileReference; lastKnownFileType = file.storyboard; name = Base; path = Base.lproj/Main.storyboard; sourceTree = "<group>"; };
		BD523E2E29C8AC2A006174CA /* Assets.xcassets */ = {isa = PBXFileReference; lastKnownFileType = folder.assetcatalog; path = Assets.xcassets; sourceTree = "<group>"; };
		BD523E3129C8AC2A006174CA /* Base */ = {isa = PBXFileReference; lastKnownFileType = file.storyboard; name = Base; path = Base.lproj/LaunchScreen.storyboard; sourceTree = "<group>"; };
		BD523E3329C8AC2A006174CA /* Info.plist */ = {isa = PBXFileReference; lastKnownFileType = text.plist.xml; path = Info.plist; sourceTree = "<group>"; };
		BD5D374E29C8B4A700E49A09 /* LoginViewController.swift */ = {isa = PBXFileReference; lastKnownFileType = sourcecode.swift; path = LoginViewController.swift; sourceTree = "<group>"; };
		BD5D375029C8B4B700E49A09 /* RegisterViewController.swift */ = {isa = PBXFileReference; lastKnownFileType = sourcecode.swift; path = RegisterViewController.swift; sourceTree = "<group>"; };
		BD5D375229C8B4FC00E49A09 /* PhotoViewerViewController.swift */ = {isa = PBXFileReference; lastKnownFileType = sourcecode.swift; path = PhotoViewerViewController.swift; sourceTree = "<group>"; };
		BD5D375429C8B50900E49A09 /* VideoPlayerViewController.swift */ = {isa = PBXFileReference; lastKnownFileType = sourcecode.swift; path = VideoPlayerViewController.swift; sourceTree = "<group>"; };
		BD5D375629C8B52C00E49A09 /* NewConversationViewController.swift */ = {isa = PBXFileReference; lastKnownFileType = sourcecode.swift; path = NewConversationViewController.swift; sourceTree = "<group>"; };
		BD5D375829C8B54500E49A09 /* ProfileViewController.swift */ = {isa = PBXFileReference; lastKnownFileType = sourcecode.swift; path = ProfileViewController.swift; sourceTree = "<group>"; };
		EAEE3B355A16F4EF877EBE55 /* Pods-Messenger Prototypr.release.xcconfig */ = {isa = PBXFileReference; includeInIndex = 1; lastKnownFileType = text.xcconfig; name = "Pods-Messenger Prototypr.release.xcconfig"; path = "Target Support Files/Pods-Messenger Prototypr/Pods-Messenger Prototypr.release.xcconfig"; sourceTree = "<group>"; };
/* End PBXFileReference section */

/* Begin PBXFrameworksBuildPhase section */
		BD523E1F29C8AC28006174CA /* Frameworks */ = {
			isa = PBXFrameworksBuildPhase;
			buildActionMask = 2147483647;
			files = (
				FBCFC099748FC696A2FB652E /* Pods_Messenger_Prototypr.framework in Frameworks */,
			);
			runOnlyForDeploymentPostprocessing = 0;
		};
/* End PBXFrameworksBuildPhase section */

/* Begin PBXGroup section */
		7AF1F03891A455415466C9BF /* Pods */ = {
			isa = PBXGroup;
			children = (
				70E1789B3CE4EB94562E9A6B /* Pods-Messenger Prototypr.debug.xcconfig */,
				EAEE3B355A16F4EF877EBE55 /* Pods-Messenger Prototypr.release.xcconfig */,
			);
			path = Pods;
			sourceTree = "<group>";
		};
		8AE01A5F61AE9643A7B8F397 /* Frameworks */ = {
			isa = PBXGroup;
			children = (
				A464A248FF3FBC2C55B70C23 /* Pods_Messenger_Prototypr.framework */,
			);
			name = Frameworks;
			sourceTree = "<group>";
		};
		BD523E1929C8AC28006174CA = {
			isa = PBXGroup;
			children = (
				BD5D374829C8B33900E49A09 /* Controllers */,
				BD5D374A29C8B34800E49A09 /* Models */,
				BD5D374B29C8B34E00E49A09 /* ViewModels */,
				BD5D374929C8B34200E49A09 /* Views */,
				BD5D374C29C8B35A00E49A09 /* Resources */,
				BD523E2429C8AC28006174CA /* Messenger Prototypr */,
				BD523E2329C8AC28006174CA /* Products */,
				7AF1F03891A455415466C9BF /* Pods */,
				8AE01A5F61AE9643A7B8F397 /* Frameworks */,
			);
			sourceTree = "<group>";
		};
		BD523E2329C8AC28006174CA /* Products */ = {
			isa = PBXGroup;
			children = (
				BD523E2229C8AC28006174CA /* Messenger Prototypr.app */,
			);
			name = Products;
			sourceTree = "<group>";
		};
		BD523E2429C8AC28006174CA /* Messenger Prototypr */ = {
			isa = PBXGroup;
			children = (
				BD523E3329C8AC2A006174CA /* Info.plist */,
			);
			path = "Messenger Prototypr";
			sourceTree = "<group>";
		};
		BD5D374829C8B33900E49A09 /* Controllers */ = {
			isa = PBXGroup;
			children = (
				BD523E2929C8AC28006174CA /* ConversationViewController.swift */,
				BD5D374E29C8B4A700E49A09 /* LoginViewController.swift */,
				BD5D375029C8B4B700E49A09 /* RegisterViewController.swift */,
				BD5D375229C8B4FC00E49A09 /* PhotoViewerViewController.swift */,
				BD5D375429C8B50900E49A09 /* VideoPlayerViewController.swift */,
				BD5D375629C8B52C00E49A09 /* NewConversationViewController.swift */,
				BD5D375829C8B54500E49A09 /* ProfileViewController.swift */,
			);
			path = Controllers;
			sourceTree = "<group>";
		};
		BD5D374929C8B34200E49A09 /* Views */ = {
			isa = PBXGroup;
			children = (
				BD5D374D29C8B3AC00E49A09 /* Storyboards */,
				BD523E2E29C8AC2A006174CA /* Assets.xcassets */,
			);
			path = Views;
			sourceTree = "<group>";
		};
		BD5D374A29C8B34800E49A09 /* Models */ = {
			isa = PBXGroup;
			children = (
			);
			path = Models;
			sourceTree = "<group>";
		};
		BD5D374B29C8B34E00E49A09 /* ViewModels */ = {
			isa = PBXGroup;
			children = (
			);
			path = ViewModels;
			sourceTree = "<group>";
		};
		BD5D374C29C8B35A00E49A09 /* Resources */ = {
			isa = PBXGroup;
			children = (
				BD523E2529C8AC28006174CA /* AppDelegate.swift */,
				BD523E2729C8AC28006174CA /* SceneDelegate.swift */,
			);
			path = Resources;
			sourceTree = "<group>";
		};
		BD5D374D29C8B3AC00E49A09 /* Storyboards */ = {
			isa = PBXGroup;
			children = (
				BD523E2B29C8AC28006174CA /* Main.storyboard */,
				BD523E3029C8AC2A006174CA /* LaunchScreen.storyboard */,
			);
			path = Storyboards;
			sourceTree = "<group>";
		};
/* End PBXGroup section */

/* Begin PBXNativeTarget section */
		BD523E2129C8AC28006174CA /* Messenger Prototypr */ = {
			isa = PBXNativeTarget;
			buildConfigurationList = BD523E3629C8AC2A006174CA /* Build configuration list for PBXNativeTarget "Messenger Prototypr" */;
			buildPhases = (
				BA84995758E7D07EE816E706 /* [CP] Check Pods Manifest.lock */,
				BD523E1E29C8AC28006174CA /* Sources */,
				BD523E1F29C8AC28006174CA /* Frameworks */,
				BD523E2029C8AC28006174CA /* Resources */,
			);
			buildRules = (
			);
			dependencies = (
			);
			name = "Messenger Prototypr";
			productName = "Messenger Prototypr";
			productReference = BD523E2229C8AC28006174CA /* Messenger Prototypr.app */;
			productType = "com.apple.product-type.application";
		};
/* End PBXNativeTarget section */

/* Begin PBXProject section */
		BD523E1A29C8AC28006174CA /* Project object */ = {
			isa = PBXProject;
			attributes = {
				BuildIndependentTargetsInParallel = 1;
				LastSwiftUpdateCheck = 1420;
				LastUpgradeCheck = 1420;
				TargetAttributes = {
					BD523E2129C8AC28006174CA = {
						CreatedOnToolsVersion = 14.2;
					};
				};
			};
			buildConfigurationList = BD523E1D29C8AC28006174CA /* Build configuration list for PBXProject "Messenger Prototypr" */;
			compatibilityVersion = "Xcode 14.0";
			developmentRegion = en;
			hasScannedForEncodings = 0;
			knownRegions = (
				en,
				Base,
			);
			mainGroup = BD523E1929C8AC28006174CA;
			productRefGroup = BD523E2329C8AC28006174CA /* Products */;
			projectDirPath = "";
			projectRoot = "";
			targets = (
				BD523E2129C8AC28006174CA /* Messenger Prototypr */,
			);
		};
/* End PBXProject section */

/* Begin PBXResourcesBuildPhase section */
		BD523E2029C8AC28006174CA /* Resources */ = {
			isa = PBXResourcesBuildPhase;
			buildActionMask = 2147483647;
			files = (
				BD523E3229C8AC2A006174CA /* LaunchScreen.storyboard in Resources */,
				BD523E2F29C8AC2A006174CA /* Assets.xcassets in Resources */,
				BD523E2D29C8AC28006174CA /* Main.storyboard in Resources */,
			);
			runOnlyForDeploymentPostprocessing = 0;
		};
/* End PBXResourcesBuildPhase section */

/* Begin PBXShellScriptBuildPhase section */
		BA84995758E7D07EE816E706 /* [CP] Check Pods Manifest.lock */ = {
			isa = PBXShellScriptBuildPhase;
			buildActionMask = 2147483647;
			files = (
			);
			inputFileListPaths = (
			);
			inputPaths = (
				"${PODS_PODFILE_DIR_PATH}/Podfile.lock",
				"${PODS_ROOT}/Manifest.lock",
			);
			name = "[CP] Check Pods Manifest.lock";
			outputFileListPaths = (
			);
			outputPaths = (
				"$(DERIVED_FILE_DIR)/Pods-Messenger Prototypr-checkManifestLockResult.txt",
			);
			runOnlyForDeploymentPostprocessing = 0;
			shellPath = /bin/sh;
			shellScript = "diff \"${PODS_PODFILE_DIR_PATH}/Podfile.lock\" \"${PODS_ROOT}/Manifest.lock\" > /dev/null\nif [ $? != 0 ] ; then\n    # print error to STDERR\n    echo \"error: The sandbox is not in sync with the Podfile.lock. Run 'pod install' or update your CocoaPods installation.\" >&2\n    exit 1\nfi\n# This output is used by Xcode 'outputs' to avoid re-running this script phase.\necho \"SUCCESS\" > \"${SCRIPT_OUTPUT_FILE_0}\"\n";
			showEnvVarsInLog = 0;
		};
/* End PBXShellScriptBuildPhase section */

/* Begin PBXSourcesBuildPhase section */
		BD523E1E29C8AC28006174CA /* Sources */ = {
			isa = PBXSourcesBuildPhase;
			buildActionMask = 2147483647;
			files = (
				BD5D374F29C8B4A700E49A09 /* LoginViewController.swift in Sources */,
				BD5D375129C8B4B700E49A09 /* RegisterViewController.swift in Sources */,
				BD5D375729C8B52C00E49A09 /* NewConversationViewController.swift in Sources */,
				BD523E2A29C8AC28006174CA /* ConversationViewController.swift in Sources */,
				BD5D375529C8B50900E49A09 /* VideoPlayerViewController.swift in Sources */,
				BD523E2629C8AC28006174CA /* AppDelegate.swift in Sources */,
				BD5D375929C8B54500E49A09 /* ProfileViewController.swift in Sources */,
				BD523E2829C8AC28006174CA /* SceneDelegate.swift in Sources */,
				BD5D375329C8B4FC00E49A09 /* PhotoViewerViewController.swift in Sources */,
			);
			runOnlyForDeploymentPostprocessing = 0;
		};
/* End PBXSourcesBuildPhase section */

/* Begin PBXVariantGroup section */
		BD523E2B29C8AC28006174CA /* Main.storyboard */ = {
			isa = PBXVariantGroup;
			children = (
				BD523E2C29C8AC28006174CA /* Base */,
			);
			name = Main.storyboard;
			sourceTree = "<group>";
		};
		BD523E3029C8AC2A006174CA /* LaunchScreen.storyboard */ = {
			isa = PBXVariantGroup;
			children = (
				BD523E3129C8AC2A006174CA /* Base */,
			);
			name = LaunchScreen.storyboard;
			sourceTree = "<group>";
		};
/* End PBXVariantGroup section */

/* Begin XCBuildConfiguration section */
		BD523E3429C8AC2A006174CA /* Debug */ = {
			isa = XCBuildConfiguration;
			buildSettings = {
				ALWAYS_SEARCH_USER_PATHS = NO;
				CLANG_ANALYZER_NONNULL = YES;
				CLANG_ANALYZER_NUMBER_OBJECT_CONVERSION = YES_AGGRESSIVE;
				CLANG_CXX_LANGUAGE_STANDARD = "gnu++20";
				CLANG_ENABLE_MODULES = YES;
				CLANG_ENABLE_OBJC_ARC = YES;
				CLANG_ENABLE_OBJC_WEAK = YES;
				CLANG_WARN_BLOCK_CAPTURE_AUTORELEASING = YES;
				CLANG_WARN_BOOL_CONVERSION = YES;
				CLANG_WARN_COMMA = YES;
				CLANG_WARN_CONSTANT_CONVERSION = YES;
				CLANG_WARN_DEPRECATED_OBJC_IMPLEMENTATIONS = YES;
				CLANG_WARN_DIRECT_OBJC_ISA_USAGE = YES_ERROR;
				CLANG_WARN_DOCUMENTATION_COMMENTS = YES;
				CLANG_WARN_EMPTY_BODY = YES;
				CLANG_WARN_ENUM_CONVERSION = YES;
				CLANG_WARN_INFINITE_RECURSION = YES;
				CLANG_WARN_INT_CONVERSION = YES;
				CLANG_WARN_NON_LITERAL_NULL_CONVERSION = YES;
				CLANG_WARN_OBJC_IMPLICIT_RETAIN_SELF = YES;
				CLANG_WARN_OBJC_LITERAL_CONVERSION = YES;
				CLANG_WARN_OBJC_ROOT_CLASS = YES_ERROR;
				CLANG_WARN_QUOTED_INCLUDE_IN_FRAMEWORK_HEADER = YES;
				CLANG_WARN_RANGE_LOOP_ANALYSIS = YES;
				CLANG_WARN_STRICT_PROTOTYPES = YES;
				CLANG_WARN_SUSPICIOUS_MOVE = YES;
				CLANG_WARN_UNGUARDED_AVAILABILITY = YES_AGGRESSIVE;
				CLANG_WARN_UNREACHABLE_CODE = YES;
				CLANG_WARN__DUPLICATE_METHOD_MATCH = YES;
				COPY_PHASE_STRIP = NO;
				DEBUG_INFORMATION_FORMAT = dwarf;
				ENABLE_STRICT_OBJC_MSGSEND = YES;
				ENABLE_TESTABILITY = YES;
				GCC_C_LANGUAGE_STANDARD = gnu11;
				GCC_DYNAMIC_NO_PIC = NO;
				GCC_NO_COMMON_BLOCKS = YES;
				GCC_OPTIMIZATION_LEVEL = 0;
				GCC_PREPROCESSOR_DEFINITIONS = (
					"DEBUG=1",
					"$(inherited)",
				);
				GCC_WARN_64_TO_32_BIT_CONVERSION = YES;
				GCC_WARN_ABOUT_RETURN_TYPE = YES_ERROR;
				GCC_WARN_UNDECLARED_SELECTOR = YES;
				GCC_WARN_UNINITIALIZED_AUTOS = YES_AGGRESSIVE;
				GCC_WARN_UNUSED_FUNCTION = YES;
				GCC_WARN_UNUSED_VARIABLE = YES;
				IPHONEOS_DEPLOYMENT_TARGET = 16.2;
				MTL_ENABLE_DEBUG_INFO = INCLUDE_SOURCE;
				MTL_FAST_MATH = YES;
				ONLY_ACTIVE_ARCH = YES;
				SDKROOT = iphoneos;
				SWIFT_ACTIVE_COMPILATION_CONDITIONS = DEBUG;
				SWIFT_OPTIMIZATION_LEVEL = "-Onone";
			};
			name = Debug;
		};
		BD523E3529C8AC2A006174CA /* Release */ = {
			isa = XCBuildConfiguration;
			buildSettings = {
				ALWAYS_SEARCH_USER_PATHS = NO;
				CLANG_ANALYZER_NONNULL = YES;
				CLANG_ANALYZER_NUMBER_OBJECT_CONVERSION = YES_AGGRESSIVE;
				CLANG_CXX_LANGUAGE_STANDARD = "gnu++20";
				CLANG_ENABLE_MODULES = YES;
				CLANG_ENABLE_OBJC_ARC = YES;
				CLANG_ENABLE_OBJC_WEAK = YES;
				CLANG_WARN_BLOCK_CAPTURE_AUTORELEASING = YES;
				CLANG_WARN_BOOL_CONVERSION = YES;
				CLANG_WARN_COMMA = YES;
				CLANG_WARN_CONSTANT_CONVERSION = YES;
				CLANG_WARN_DEPRECATED_OBJC_IMPLEMENTATIONS = YES;
				CLANG_WARN_DIRECT_OBJC_ISA_USAGE = YES_ERROR;
				CLANG_WARN_DOCUMENTATION_COMMENTS = YES;
				CLANG_WARN_EMPTY_BODY = YES;
				CLANG_WARN_ENUM_CONVERSION = YES;
				CLANG_WARN_INFINITE_RECURSION = YES;
				CLANG_WARN_INT_CONVERSION = YES;
				CLANG_WARN_NON_LITERAL_NULL_CONVERSION = YES;
				CLANG_WARN_OBJC_IMPLICIT_RETAIN_SELF = YES;
				CLANG_WARN_OBJC_LITERAL_CONVERSION = YES;
				CLANG_WARN_OBJC_ROOT_CLASS = YES_ERROR;
				CLANG_WARN_QUOTED_INCLUDE_IN_FRAMEWORK_HEADER = YES;
				CLANG_WARN_RANGE_LOOP_ANALYSIS = YES;
				CLANG_WARN_STRICT_PROTOTYPES = YES;
				CLANG_WARN_SUSPICIOUS_MOVE = YES;
				CLANG_WARN_UNGUARDED_AVAILABILITY = YES_AGGRESSIVE;
				CLANG_WARN_UNREACHABLE_CODE = YES;
				CLANG_WARN__DUPLICATE_METHOD_MATCH = YES;
				COPY_PHASE_STRIP = NO;
				DEBUG_INFORMATION_FORMAT = "dwarf-with-dsym";
				ENABLE_NS_ASSERTIONS = NO;
				ENABLE_STRICT_OBJC_MSGSEND = YES;
				GCC_C_LANGUAGE_STANDARD = gnu11;
				GCC_NO_COMMON_BLOCKS = YES;
				GCC_WARN_64_TO_32_BIT_CONVERSION = YES;
				GCC_WARN_ABOUT_RETURN_TYPE = YES_ERROR;
				GCC_WARN_UNDECLARED_SELECTOR = YES;
				GCC_WARN_UNINITIALIZED_AUTOS = YES_AGGRESSIVE;
				GCC_WARN_UNUSED_FUNCTION = YES;
				GCC_WARN_UNUSED_VARIABLE = YES;
				IPHONEOS_DEPLOYMENT_TARGET = 16.2;
				MTL_ENABLE_DEBUG_INFO = NO;
				MTL_FAST_MATH = YES;
				SDKROOT = iphoneos;
				SWIFT_COMPILATION_MODE = wholemodule;
				SWIFT_OPTIMIZATION_LEVEL = "-O";
				VALIDATE_PRODUCT = YES;
			};
			name = Release;
		};
		BD523E3729C8AC2A006174CA /* Debug */ = {
			isa = XCBuildConfiguration;
			baseConfigurationReference = 70E1789B3CE4EB94562E9A6B /* Pods-Messenger Prototypr.debug.xcconfig */;
			buildSettings = {
				ASSETCATALOG_COMPILER_APPICON_NAME = AppIcon;
				ASSETCATALOG_COMPILER_GLOBAL_ACCENT_COLOR_NAME = AccentColor;
				CODE_SIGN_STYLE = Automatic;
				CURRENT_PROJECT_VERSION = 1;
				DEVELOPMENT_TEAM = 2W6JX5D446;
				GENERATE_INFOPLIST_FILE = YES;
				INFOPLIST_FILE = "Messenger Prototypr/Info.plist";
				INFOPLIST_KEY_UIApplicationSupportsIndirectInputEvents = YES;
				INFOPLIST_KEY_UILaunchStoryboardName = LaunchScreen;
				INFOPLIST_KEY_UIMainStoryboardFile = Main;
				INFOPLIST_KEY_UISupportedInterfaceOrientations = UIInterfaceOrientationPortrait;
				INFOPLIST_KEY_UISupportedInterfaceOrientations_iPad = "UIInterfaceOrientationPortrait UIInterfaceOrientationPortraitUpsideDown";
				IPHONEOS_DEPLOYMENT_TARGET = 13.0;
				LD_RUNPATH_SEARCH_PATHS = (
					"$(inherited)",
					"@executable_path/Frameworks",
				);
				MARKETING_VERSION = 1.0;
				PRODUCT_BUNDLE_IDENTIFIER = "jundonglee.Messenger-Prototypr";
				PRODUCT_NAME = "$(TARGET_NAME)";
				SWIFT_EMIT_LOC_STRINGS = YES;
				SWIFT_VERSION = 5.0;
				TARGETED_DEVICE_FAMILY = "1,2";
			};
			name = Debug;
		};
		BD523E3829C8AC2A006174CA /* Release */ = {
			isa = XCBuildConfiguration;
			baseConfigurationReference = EAEE3B355A16F4EF877EBE55 /* Pods-Messenger Prototypr.release.xcconfig */;
			buildSettings = {
				ASSETCATALOG_COMPILER_APPICON_NAME = AppIcon;
				ASSETCATALOG_COMPILER_GLOBAL_ACCENT_COLOR_NAME = AccentColor;
				CODE_SIGN_STYLE = Automatic;
				CURRENT_PROJECT_VERSION = 1;
				DEVELOPMENT_TEAM = 2W6JX5D446;
				GENERATE_INFOPLIST_FILE = YES;
				INFOPLIST_FILE = "Messenger Prototypr/Info.plist";
				INFOPLIST_KEY_UIApplicationSupportsIndirectInputEvents = YES;
				INFOPLIST_KEY_UILaunchStoryboardName = LaunchScreen;
				INFOPLIST_KEY_UIMainStoryboardFile = Main;
				INFOPLIST_KEY_UISupportedInterfaceOrientations = UIInterfaceOrientationPortrait;
				INFOPLIST_KEY_UISupportedInterfaceOrientations_iPad = "UIInterfaceOrientationPortrait UIInterfaceOrientationPortraitUpsideDown";
				IPHONEOS_DEPLOYMENT_TARGET = 13.0;
				LD_RUNPATH_SEARCH_PATHS = (
					"$(inherited)",
					"@executable_path/Frameworks",
				);
				MARKETING_VERSION = 1.0;
				PRODUCT_BUNDLE_IDENTIFIER = "jundonglee.Messenger-Prototypr";
				PRODUCT_NAME = "$(TARGET_NAME)";
				SWIFT_EMIT_LOC_STRINGS = YES;
				SWIFT_VERSION = 5.0;
				TARGETED_DEVICE_FAMILY = "1,2";
			};
			name = Release;
		};
/* End XCBuildConfiguration section */

/* Begin XCConfigurationList section */
		BD523E1D29C8AC28006174CA /* Build configuration list for PBXProject "Messenger Prototypr" */ = {
			isa = XCConfigurationList;
			buildConfigurations = (
				BD523E3429C8AC2A006174CA /* Debug */,
				BD523E3529C8AC2A006174CA /* Release */,
			);
			defaultConfigurationIsVisible = 0;
			defaultConfigurationName = Release;
		};
		BD523E3629C8AC2A006174CA /* Build configuration list for PBXNativeTarget "Messenger Prototypr" */ = {
			isa = XCConfigurationList;
			buildConfigurations = (
				BD523E3729C8AC2A006174CA /* Debug */,
				BD523E3829C8AC2A006174CA /* Release */,
			);
			defaultConfigurationIsVisible = 0;
			defaultConfigurationName = Release;
		};
/* End XCConfigurationList section */
	};
	rootObject = BD523E1A29C8AC28006174CA /* Project object */;
}
